# This file is @generated by PDM.
# It is not intended for manual editing.

[[package]]
name = "pyperclip"
version = "1.8.2"
summary = "A cross-platform clipboard module for Python. (Only handles plain text for now.)"

[metadata]
lock_version = "4.1"
content_hash = "sha256:29d56ab43dc7e576b607334ae1cfead22a5405f29ef658f40cbcdf6a758966ec"

[metadata.files]
"pyperclip 1.8.2" = [
    {url = "https://files.pythonhosted.org/packages/a7/2c/4c64579f847bd5d539803c8b909e54ba087a79d01bb3aba433a95879a6c5/pyperclip-1.8.2.tar.gz", hash = "sha256:105254a8b04934f0bc84e9c24eb360a591aaf6535c9def5f29d92af107a9bf57"},
]
